
Microsoft Visual Studio Solution File, Format Version 12.00
# Visual Studio Version 16
VisualStudioVersion = 16.0.29102.190
MinimumVisualStudioVersion = 10.0.40219.1
Project("{FAE04EC0-301F-11D3-BF4B-00C04F79EFBC}") = "BancoCeSharp", "BancoCeSharp.csproj", "{38FA9395-3C61-45A7-9167-3EA995759119}"
EndProject
Global
	GlobalSection(SolutionConfigurationPlatforms) = preSolution
		Debug|Any CPU = Debug|Any CPU
		Release|Any CPU = Release|Any CPU
	EndGlobalSection
	GlobalSection(ProjectConfigurationPlatforms) = postSolution
		{38FA9395-3C61-45A7-9167-3EA995759119}.Debug|Any CPU.ActiveCfg = Debug|Any CPU
		{38FA9395-3C61-45A7-9167-3EA995759119}.Debug|Any CPU.Build.0 = Debug|Any CPU
		{38FA9395-3C61-45A7-9167-3EA995759119}.Release|Any CPU.ActiveCfg = Release|Any CPU
		{38FA9395-3C61-45A7-9167-3EA995759119}.Release|Any CPU.Build.0 = Release|Any CPU
	EndGlobalSection
	GlobalSection(SolutionProperties) = preSolution
		HideSolutionNode = FALSE
	EndGlobalSection
	GlobalSection(ExtensibilityGlobals) = postSolution
		SolutionGuid = {4752D6B6-93DD-4098-8CEF-28936CC6C66A}
	EndGlobalSection
EndGlobal
