
Microsoft Visual Studio Solution File, Format Version 12.00
# Visual Studio Version 16
VisualStudioVersion = 16.0.29102.190
MinimumVisualStudioVersion = 10.0.40219.1
Project("{FAE04EC0-301F-11D3-BF4B-00C04F79EFBC}") = "1AbrindoCalculadoraDoAmiguinho", "1AbrindoCalculadoraDoAmiguinho.csproj", "{2FE1DD51-026A-4DCA-9239-07E18032D207}"
EndProject
Global
	GlobalSection(SolutionConfigurationPlatforms) = preSolution
		Debug|Any CPU = Debug|Any CPU
		Release|Any CPU = Release|Any CPU
	EndGlobalSection
	GlobalSection(ProjectConfigurationPlatforms) = postSolution
		{2FE1DD51-026A-4DCA-9239-07E18032D207}.Debug|Any CPU.ActiveCfg = Debug|Any CPU
		{2FE1DD51-026A-4DCA-9239-07E18032D207}.Debug|Any CPU.Build.0 = Debug|Any CPU
		{2FE1DD51-026A-4DCA-9239-07E18032D207}.Release|Any CPU.ActiveCfg = Release|Any CPU
		{2FE1DD51-026A-4DCA-9239-07E18032D207}.Release|Any CPU.Build.0 = Release|Any CPU
	EndGlobalSection
	GlobalSection(SolutionProperties) = preSolution
		HideSolutionNode = FALSE
	EndGlobalSection
	GlobalSection(ExtensibilityGlobals) = postSolution
		SolutionGuid = {011D89AF-34C6-4AC7-8E76-5EE9FFDE7F53}
	EndGlobalSection
EndGlobal
