
Microsoft Visual Studio Solution File, Format Version 12.00
# Visual Studio Version 16
VisualStudioVersion = 16.0.29102.190
MinimumVisualStudioVersion = 10.0.40219.1
Project("{FAE04EC0-301F-11D3-BF4B-00C04F79EFBC}") = "MyFirstWPFApp", "MyFirstWPFApp.csproj", "{9ACF3339-3859-4EF5-B1E1-383C74DD413A}"
EndProject
Global
	GlobalSection(SolutionConfigurationPlatforms) = preSolution
		Debug|Any CPU = Debug|Any CPU
		Release|Any CPU = Release|Any CPU
	EndGlobalSection
	GlobalSection(ProjectConfigurationPlatforms) = postSolution
		{9ACF3339-3859-4EF5-B1E1-383C74DD413A}.Debug|Any CPU.ActiveCfg = Debug|Any CPU
		{9ACF3339-3859-4EF5-B1E1-383C74DD413A}.Debug|Any CPU.Build.0 = Debug|Any CPU
		{9ACF3339-3859-4EF5-B1E1-383C74DD413A}.Release|Any CPU.ActiveCfg = Release|Any CPU
		{9ACF3339-3859-4EF5-B1E1-383C74DD413A}.Release|Any CPU.Build.0 = Release|Any CPU
	EndGlobalSection
	GlobalSection(SolutionProperties) = preSolution
		HideSolutionNode = FALSE
	EndGlobalSection
	GlobalSection(ExtensibilityGlobals) = postSolution
		SolutionGuid = {906B79BA-8AFA-46E3-A84C-686EA54CEA58}
	EndGlobalSection
EndGlobal
