
Microsoft Visual Studio Solution File, Format Version 12.00
# Visual Studio Version 16
VisualStudioVersion = 16.0.29102.190
MinimumVisualStudioVersion = 10.0.40219.1
Project("{FAE04EC0-301F-11D3-BF4B-00C04F79EFBC}") = "WpfAppEntity", "WpfAppEntity.csproj", "{D9889EF2-8481-4D9F-BE96-5626F13EFC99}"
EndProject
Global
	GlobalSection(SolutionConfigurationPlatforms) = preSolution
		Debug|Any CPU = Debug|Any CPU
		Release|Any CPU = Release|Any CPU
	EndGlobalSection
	GlobalSection(ProjectConfigurationPlatforms) = postSolution
		{D9889EF2-8481-4D9F-BE96-5626F13EFC99}.Debug|Any CPU.ActiveCfg = Debug|Any CPU
		{D9889EF2-8481-4D9F-BE96-5626F13EFC99}.Debug|Any CPU.Build.0 = Debug|Any CPU
		{D9889EF2-8481-4D9F-BE96-5626F13EFC99}.Release|Any CPU.ActiveCfg = Release|Any CPU
		{D9889EF2-8481-4D9F-BE96-5626F13EFC99}.Release|Any CPU.Build.0 = Release|Any CPU
	EndGlobalSection
	GlobalSection(SolutionProperties) = preSolution
		HideSolutionNode = FALSE
	EndGlobalSection
	GlobalSection(ExtensibilityGlobals) = postSolution
		SolutionGuid = {6A8AB419-E2FB-4174-8797-85B54E123954}
	EndGlobalSection
EndGlobal
