
Microsoft Visual Studio Solution File, Format Version 12.00
# Visual Studio Version 16
VisualStudioVersion = 16.0.29209.62
MinimumVisualStudioVersion = 10.0.40219.1
Project("{FAE04EC0-301F-11D3-BF4B-00C04F79EFBC}") = "WebApplication1", "WebApplication1.csproj", "{BA872F97-2CB6-4399-A563-C42BE26B9CAD}"
EndProject
Global
	GlobalSection(SolutionConfigurationPlatforms) = preSolution
		Debug|Any CPU = Debug|Any CPU
		Release|Any CPU = Release|Any CPU
	EndGlobalSection
	GlobalSection(ProjectConfigurationPlatforms) = postSolution
		{BA872F97-2CB6-4399-A563-C42BE26B9CAD}.Debug|Any CPU.ActiveCfg = Debug|Any CPU
		{BA872F97-2CB6-4399-A563-C42BE26B9CAD}.Debug|Any CPU.Build.0 = Debug|Any CPU
		{BA872F97-2CB6-4399-A563-C42BE26B9CAD}.Release|Any CPU.ActiveCfg = Release|Any CPU
		{BA872F97-2CB6-4399-A563-C42BE26B9CAD}.Release|Any CPU.Build.0 = Release|Any CPU
	EndGlobalSection
	GlobalSection(SolutionProperties) = preSolution
		HideSolutionNode = FALSE
	EndGlobalSection
	GlobalSection(ExtensibilityGlobals) = postSolution
		SolutionGuid = {D885CD50-075D-41A2-9B18-35ECD5F2D357}
	EndGlobalSection
EndGlobal
