
Microsoft Visual Studio Solution File, Format Version 12.00
# Visual Studio Version 16
VisualStudioVersion = 16.0.29020.237
MinimumVisualStudioVersion = 10.0.40219.1
Project("{FAE04EC0-301F-11D3-BF4B-00C04F79EFBC}") = "ConsoleArrayBi1.3BaseDeLivros", "ConsoleArrayBi1.3BaseDeLivros.csproj", "{96AA34DC-1F90-4313-B519-D4FB0027A5DB}"
EndProject
Global
	GlobalSection(SolutionConfigurationPlatforms) = preSolution
		Debug|Any CPU = Debug|Any CPU
		Release|Any CPU = Release|Any CPU
	EndGlobalSection
	GlobalSection(ProjectConfigurationPlatforms) = postSolution
		{96AA34DC-1F90-4313-B519-D4FB0027A5DB}.Debug|Any CPU.ActiveCfg = Debug|Any CPU
		{96AA34DC-1F90-4313-B519-D4FB0027A5DB}.Debug|Any CPU.Build.0 = Debug|Any CPU
		{96AA34DC-1F90-4313-B519-D4FB0027A5DB}.Release|Any CPU.ActiveCfg = Release|Any CPU
		{96AA34DC-1F90-4313-B519-D4FB0027A5DB}.Release|Any CPU.Build.0 = Release|Any CPU
	EndGlobalSection
	GlobalSection(SolutionProperties) = preSolution
		HideSolutionNode = FALSE
	EndGlobalSection
	GlobalSection(ExtensibilityGlobals) = postSolution
		SolutionGuid = {F2AF84A2-B9FA-452A-9A8E-10D3178F9C70}
	EndGlobalSection
EndGlobal
