
Microsoft Visual Studio Solution File, Format Version 12.00
# Visual Studio Version 16
VisualStudioVersion = 16.0.29102.190
MinimumVisualStudioVersion = 10.0.40219.1
Project("{FAE04EC0-301F-11D3-BF4B-00C04F79EFBC}") = "CalculatorLibrary", "CalculatorLibrary.csproj", "{8AFFC745-DBB2-4679-A8B1-E9523B5C5E69}"
EndProject
Project("{FAE04EC0-301F-11D3-BF4B-00C04F79EFBC}") = "ProjectUsingCalculatorLibrary", "..\ProjectUsingCalculatorLibrary\ProjectUsingCalculatorLibrary.csproj", "{D9F149F7-096B-47ED-9566-62A920A5C064}"
EndProject
Global
	GlobalSection(SolutionConfigurationPlatforms) = preSolution
		Debug|Any CPU = Debug|Any CPU
		Release|Any CPU = Release|Any CPU
	EndGlobalSection
	GlobalSection(ProjectConfigurationPlatforms) = postSolution
		{8AFFC745-DBB2-4679-A8B1-E9523B5C5E69}.Debug|Any CPU.ActiveCfg = Debug|Any CPU
		{8AFFC745-DBB2-4679-A8B1-E9523B5C5E69}.Debug|Any CPU.Build.0 = Debug|Any CPU
		{8AFFC745-DBB2-4679-A8B1-E9523B5C5E69}.Release|Any CPU.ActiveCfg = Release|Any CPU
		{8AFFC745-DBB2-4679-A8B1-E9523B5C5E69}.Release|Any CPU.Build.0 = Release|Any CPU
		{D9F149F7-096B-47ED-9566-62A920A5C064}.Debug|Any CPU.ActiveCfg = Debug|Any CPU
		{D9F149F7-096B-47ED-9566-62A920A5C064}.Debug|Any CPU.Build.0 = Debug|Any CPU
		{D9F149F7-096B-47ED-9566-62A920A5C064}.Release|Any CPU.ActiveCfg = Release|Any CPU
		{D9F149F7-096B-47ED-9566-62A920A5C064}.Release|Any CPU.Build.0 = Release|Any CPU
	EndGlobalSection
	GlobalSection(SolutionProperties) = preSolution
		HideSolutionNode = FALSE
	EndGlobalSection
	GlobalSection(ExtensibilityGlobals) = postSolution
		SolutionGuid = {19660B48-3E96-4A12-81F9-D1581215C547}
	EndGlobalSection
EndGlobal
