
Microsoft Visual Studio Solution File, Format Version 12.00
# Visual Studio Version 16
VisualStudioVersion = 16.0.29102.190
MinimumVisualStudioVersion = 10.0.40219.1
Project("{FAE04EC0-301F-11D3-BF4B-00C04F79EFBC}") = "MVCProject", "MVCProject.csproj", "{60761B2E-E590-4342-96E5-48E99A81F070}"
EndProject
Global
	GlobalSection(SolutionConfigurationPlatforms) = preSolution
		Debug|Any CPU = Debug|Any CPU
		Release|Any CPU = Release|Any CPU
	EndGlobalSection
	GlobalSection(ProjectConfigurationPlatforms) = postSolution
		{60761B2E-E590-4342-96E5-48E99A81F070}.Debug|Any CPU.ActiveCfg = Debug|Any CPU
		{60761B2E-E590-4342-96E5-48E99A81F070}.Debug|Any CPU.Build.0 = Debug|Any CPU
		{60761B2E-E590-4342-96E5-48E99A81F070}.Release|Any CPU.ActiveCfg = Release|Any CPU
		{60761B2E-E590-4342-96E5-48E99A81F070}.Release|Any CPU.Build.0 = Release|Any CPU
	EndGlobalSection
	GlobalSection(SolutionProperties) = preSolution
		HideSolutionNode = FALSE
	EndGlobalSection
	GlobalSection(ExtensibilityGlobals) = postSolution
		SolutionGuid = {A1B726F2-28C9-46F9-ADC6-8D656BE12D3C}
	EndGlobalSection
EndGlobal
