
Microsoft Visual Studio Solution File, Format Version 12.00
# Visual Studio Version 16
VisualStudioVersion = 16.0.29209.62
MinimumVisualStudioVersion = 10.0.40219.1
Project("{FAE04EC0-301F-11D3-BF4B-00C04F79EFBC}") = "RevisaoWebApi", "RevisaoWebApi.csproj", "{53EE64A9-43AB-4C72-A065-23627D23DCD0}"
EndProject
Global
	GlobalSection(SolutionConfigurationPlatforms) = preSolution
		Debug|Any CPU = Debug|Any CPU
		Release|Any CPU = Release|Any CPU
	EndGlobalSection
	GlobalSection(ProjectConfigurationPlatforms) = postSolution
		{53EE64A9-43AB-4C72-A065-23627D23DCD0}.Debug|Any CPU.ActiveCfg = Debug|Any CPU
		{53EE64A9-43AB-4C72-A065-23627D23DCD0}.Debug|Any CPU.Build.0 = Debug|Any CPU
		{53EE64A9-43AB-4C72-A065-23627D23DCD0}.Release|Any CPU.ActiveCfg = Release|Any CPU
		{53EE64A9-43AB-4C72-A065-23627D23DCD0}.Release|Any CPU.Build.0 = Release|Any CPU
	EndGlobalSection
	GlobalSection(SolutionProperties) = preSolution
		HideSolutionNode = FALSE
	EndGlobalSection
	GlobalSection(ExtensibilityGlobals) = postSolution
		SolutionGuid = {0FE5770D-F6D0-4506-BA64-6A9D0061394D}
	EndGlobalSection
EndGlobal
