
Microsoft Visual Studio Solution File, Format Version 12.00
# Visual Studio Version 16
VisualStudioVersion = 16.0.29020.237
MinimumVisualStudioVersion = 10.0.40219.1
Project("{FAE04EC0-301F-11D3-BF4B-00C04F79EFBC}") = "ListaDeValoresDaSah", "ListaDeValoresDaSah.csproj", "{DA3C2F56-1747-4732-AA12-F3E8048387A6}"
EndProject
Global
	GlobalSection(SolutionConfigurationPlatforms) = preSolution
		Debug|Any CPU = Debug|Any CPU
		Release|Any CPU = Release|Any CPU
	EndGlobalSection
	GlobalSection(ProjectConfigurationPlatforms) = postSolution
		{DA3C2F56-1747-4732-AA12-F3E8048387A6}.Debug|Any CPU.ActiveCfg = Debug|Any CPU
		{DA3C2F56-1747-4732-AA12-F3E8048387A6}.Debug|Any CPU.Build.0 = Debug|Any CPU
		{DA3C2F56-1747-4732-AA12-F3E8048387A6}.Release|Any CPU.ActiveCfg = Release|Any CPU
		{DA3C2F56-1747-4732-AA12-F3E8048387A6}.Release|Any CPU.Build.0 = Release|Any CPU
	EndGlobalSection
	GlobalSection(SolutionProperties) = preSolution
		HideSolutionNode = FALSE
	EndGlobalSection
	GlobalSection(ExtensibilityGlobals) = postSolution
		SolutionGuid = {F45AAEEE-5E9E-48D7-8E29-C4DD7CEAFAEB}
	EndGlobalSection
EndGlobal
