
Microsoft Visual Studio Solution File, Format Version 12.00
# Visual Studio Version 16
VisualStudioVersion = 16.0.29102.190
MinimumVisualStudioVersion = 10.0.40219.1
Project("{FAE04EC0-301F-11D3-BF4B-00C04F79EFBC}") = "SistemaCantinaGG", "SistemaCantinaGG.csproj", "{78176045-E911-44C2-A46D-F66BFC875835}"
EndProject
Global
	GlobalSection(SolutionConfigurationPlatforms) = preSolution
		Debug|Any CPU = Debug|Any CPU
		Release|Any CPU = Release|Any CPU
	EndGlobalSection
	GlobalSection(ProjectConfigurationPlatforms) = postSolution
		{78176045-E911-44C2-A46D-F66BFC875835}.Debug|Any CPU.ActiveCfg = Debug|Any CPU
		{78176045-E911-44C2-A46D-F66BFC875835}.Debug|Any CPU.Build.0 = Debug|Any CPU
		{78176045-E911-44C2-A46D-F66BFC875835}.Release|Any CPU.ActiveCfg = Release|Any CPU
		{78176045-E911-44C2-A46D-F66BFC875835}.Release|Any CPU.Build.0 = Release|Any CPU
	EndGlobalSection
	GlobalSection(SolutionProperties) = preSolution
		HideSolutionNode = FALSE
	EndGlobalSection
	GlobalSection(ExtensibilityGlobals) = postSolution
		SolutionGuid = {04BE5D9E-293F-4512-A467-5CDA98CD585B}
	EndGlobalSection
EndGlobal
