
Microsoft Visual Studio Solution File, Format Version 12.00
# Visual Studio Version 16
VisualStudioVersion = 16.0.29102.190
MinimumVisualStudioVersion = 10.0.40219.1
Project("{FAE04EC0-301F-11D3-BF4B-00C04F79EFBC}") = "CadastroDeLanches", "CadastroDeLanches.csproj", "{BAED2215-3D49-44DF-9575-0637E9996231}"
EndProject
Global
	GlobalSection(SolutionConfigurationPlatforms) = preSolution
		Debug|Any CPU = Debug|Any CPU
		Release|Any CPU = Release|Any CPU
	EndGlobalSection
	GlobalSection(ProjectConfigurationPlatforms) = postSolution
		{BAED2215-3D49-44DF-9575-0637E9996231}.Debug|Any CPU.ActiveCfg = Debug|Any CPU
		{BAED2215-3D49-44DF-9575-0637E9996231}.Debug|Any CPU.Build.0 = Debug|Any CPU
		{BAED2215-3D49-44DF-9575-0637E9996231}.Release|Any CPU.ActiveCfg = Release|Any CPU
		{BAED2215-3D49-44DF-9575-0637E9996231}.Release|Any CPU.Build.0 = Release|Any CPU
	EndGlobalSection
	GlobalSection(SolutionProperties) = preSolution
		HideSolutionNode = FALSE
	EndGlobalSection
	GlobalSection(ExtensibilityGlobals) = postSolution
		SolutionGuid = {3F47E698-BB04-48E1-93B7-05F93E986A0E}
	EndGlobalSection
EndGlobal
