
Microsoft Visual Studio Solution File, Format Version 12.00
# Visual Studio Version 16
VisualStudioVersion = 16.0.29102.190
MinimumVisualStudioVersion = 10.0.40219.1
Project("{FAE04EC0-301F-11D3-BF4B-00C04F79EFBC}") = "CantinaListaTipada", "CantinaListaTipada.csproj", "{7294E3D4-B0F9-49D0-96EF-DAFD8C116169}"
EndProject
Global
	GlobalSection(SolutionConfigurationPlatforms) = preSolution
		Debug|Any CPU = Debug|Any CPU
		Release|Any CPU = Release|Any CPU
	EndGlobalSection
	GlobalSection(ProjectConfigurationPlatforms) = postSolution
		{7294E3D4-B0F9-49D0-96EF-DAFD8C116169}.Debug|Any CPU.ActiveCfg = Debug|Any CPU
		{7294E3D4-B0F9-49D0-96EF-DAFD8C116169}.Debug|Any CPU.Build.0 = Debug|Any CPU
		{7294E3D4-B0F9-49D0-96EF-DAFD8C116169}.Release|Any CPU.ActiveCfg = Release|Any CPU
		{7294E3D4-B0F9-49D0-96EF-DAFD8C116169}.Release|Any CPU.Build.0 = Release|Any CPU
	EndGlobalSection
	GlobalSection(SolutionProperties) = preSolution
		HideSolutionNode = FALSE
	EndGlobalSection
	GlobalSection(ExtensibilityGlobals) = postSolution
		SolutionGuid = {00C05549-7DD4-4EAE-AA31-A7E918E5D6E4}
	EndGlobalSection
EndGlobal
