
Microsoft Visual Studio Solution File, Format Version 12.00
# Visual Studio Version 16
VisualStudioVersion = 16.0.29123.88
MinimumVisualStudioVersion = 10.0.40219.1
Project("{FAE04EC0-301F-11D3-BF4B-00C04F79EFBC}") = "AtividadeAnimalClass", "AtividadeAnimalClass.csproj", "{C1B52FCA-FA32-4518-9579-B0199751979E}"
EndProject
Project("{FAE04EC0-301F-11D3-BF4B-00C04F79EFBC}") = "MostrandoAnimal", "..\MostrandoAnimal\MostrandoAnimal.csproj", "{83262BEC-F1EF-4257-9FF0-764260357399}"
EndProject
Global
	GlobalSection(SolutionConfigurationPlatforms) = preSolution
		Debug|Any CPU = Debug|Any CPU
		Release|Any CPU = Release|Any CPU
	EndGlobalSection
	GlobalSection(ProjectConfigurationPlatforms) = postSolution
		{C1B52FCA-FA32-4518-9579-B0199751979E}.Debug|Any CPU.ActiveCfg = Debug|Any CPU
		{C1B52FCA-FA32-4518-9579-B0199751979E}.Debug|Any CPU.Build.0 = Debug|Any CPU
		{C1B52FCA-FA32-4518-9579-B0199751979E}.Release|Any CPU.ActiveCfg = Release|Any CPU
		{C1B52FCA-FA32-4518-9579-B0199751979E}.Release|Any CPU.Build.0 = Release|Any CPU
		{83262BEC-F1EF-4257-9FF0-764260357399}.Debug|Any CPU.ActiveCfg = Debug|Any CPU
		{83262BEC-F1EF-4257-9FF0-764260357399}.Debug|Any CPU.Build.0 = Debug|Any CPU
		{83262BEC-F1EF-4257-9FF0-764260357399}.Release|Any CPU.ActiveCfg = Release|Any CPU
		{83262BEC-F1EF-4257-9FF0-764260357399}.Release|Any CPU.Build.0 = Release|Any CPU
	EndGlobalSection
	GlobalSection(SolutionProperties) = preSolution
		HideSolutionNode = FALSE
	EndGlobalSection
	GlobalSection(ExtensibilityGlobals) = postSolution
		SolutionGuid = {C8B3D41D-1F6E-49B9-90FC-FF4BC36F56AE}
	EndGlobalSection
EndGlobal
