
Microsoft Visual Studio Solution File, Format Version 12.00
# Visual Studio Version 16
VisualStudioVersion = 16.0.29209.62
MinimumVisualStudioVersion = 10.0.40219.1
Project("{FAE04EC0-301F-11D3-BF4B-00C04F79EFBC}") = "WebAppComAJAX", "WebAppComAJAX.csproj", "{DAC465D8-BACA-492C-8E50-1050A14D6DE9}"
EndProject
Global
	GlobalSection(SolutionConfigurationPlatforms) = preSolution
		Debug|Any CPU = Debug|Any CPU
		Release|Any CPU = Release|Any CPU
	EndGlobalSection
	GlobalSection(ProjectConfigurationPlatforms) = postSolution
		{DAC465D8-BACA-492C-8E50-1050A14D6DE9}.Debug|Any CPU.ActiveCfg = Debug|Any CPU
		{DAC465D8-BACA-492C-8E50-1050A14D6DE9}.Debug|Any CPU.Build.0 = Debug|Any CPU
		{DAC465D8-BACA-492C-8E50-1050A14D6DE9}.Release|Any CPU.ActiveCfg = Release|Any CPU
		{DAC465D8-BACA-492C-8E50-1050A14D6DE9}.Release|Any CPU.Build.0 = Release|Any CPU
	EndGlobalSection
	GlobalSection(SolutionProperties) = preSolution
		HideSolutionNode = FALSE
	EndGlobalSection
	GlobalSection(ExtensibilityGlobals) = postSolution
		SolutionGuid = {0A46B7F6-68A4-4B05-9F16-5D4D6540819E}
	EndGlobalSection
EndGlobal
