
Microsoft Visual Studio Solution File, Format Version 12.00
# Visual Studio Version 16
VisualStudioVersion = 16.0.29102.190
MinimumVisualStudioVersion = 10.0.40219.1
Project("{FAE04EC0-301F-11D3-BF4B-00C04F79EFBC}") = "MostrarJoinhaClass", "MostrarJoinhaClass.csproj", "{D252EF53-C818-41F5-AA7A-BF0AEA8E9912}"
EndProject
Project("{FAE04EC0-301F-11D3-BF4B-00C04F79EFBC}") = "UsandoBibliotecaJoinha", "..\UsandoBibliotecaJoinha\UsandoBibliotecaJoinha.csproj", "{F2E15C67-BC38-446D-B0D3-91FE9FD6651F}"
EndProject
Global
	GlobalSection(SolutionConfigurationPlatforms) = preSolution
		Debug|Any CPU = Debug|Any CPU
		Release|Any CPU = Release|Any CPU
	EndGlobalSection
	GlobalSection(ProjectConfigurationPlatforms) = postSolution
		{D252EF53-C818-41F5-AA7A-BF0AEA8E9912}.Debug|Any CPU.ActiveCfg = Debug|Any CPU
		{D252EF53-C818-41F5-AA7A-BF0AEA8E9912}.Debug|Any CPU.Build.0 = Debug|Any CPU
		{D252EF53-C818-41F5-AA7A-BF0AEA8E9912}.Release|Any CPU.ActiveCfg = Release|Any CPU
		{D252EF53-C818-41F5-AA7A-BF0AEA8E9912}.Release|Any CPU.Build.0 = Release|Any CPU
		{F2E15C67-BC38-446D-B0D3-91FE9FD6651F}.Debug|Any CPU.ActiveCfg = Debug|Any CPU
		{F2E15C67-BC38-446D-B0D3-91FE9FD6651F}.Debug|Any CPU.Build.0 = Debug|Any CPU
		{F2E15C67-BC38-446D-B0D3-91FE9FD6651F}.Release|Any CPU.ActiveCfg = Release|Any CPU
		{F2E15C67-BC38-446D-B0D3-91FE9FD6651F}.Release|Any CPU.Build.0 = Release|Any CPU
	EndGlobalSection
	GlobalSection(SolutionProperties) = preSolution
		HideSolutionNode = FALSE
	EndGlobalSection
	GlobalSection(ExtensibilityGlobals) = postSolution
		SolutionGuid = {322908D2-C831-4D7C-8680-177F46901402}
	EndGlobalSection
EndGlobal
