
Microsoft Visual Studio Solution File, Format Version 12.00
# Visual Studio Version 16
VisualStudioVersion = 16.0.29102.190
MinimumVisualStudioVersion = 10.0.40219.1
Project("{FAE04EC0-301F-11D3-BF4B-00C04F79EFBC}") = "WPFAppNew", "WPFAppNew.csproj", "{16EC2AF1-882D-411B-911A-F246E4CFC01B}"
EndProject
Global
	GlobalSection(SolutionConfigurationPlatforms) = preSolution
		Debug|Any CPU = Debug|Any CPU
		Release|Any CPU = Release|Any CPU
	EndGlobalSection
	GlobalSection(ProjectConfigurationPlatforms) = postSolution
		{16EC2AF1-882D-411B-911A-F246E4CFC01B}.Debug|Any CPU.ActiveCfg = Debug|Any CPU
		{16EC2AF1-882D-411B-911A-F246E4CFC01B}.Debug|Any CPU.Build.0 = Debug|Any CPU
		{16EC2AF1-882D-411B-911A-F246E4CFC01B}.Release|Any CPU.ActiveCfg = Release|Any CPU
		{16EC2AF1-882D-411B-911A-F246E4CFC01B}.Release|Any CPU.Build.0 = Release|Any CPU
	EndGlobalSection
	GlobalSection(SolutionProperties) = preSolution
		HideSolutionNode = FALSE
	EndGlobalSection
	GlobalSection(ExtensibilityGlobals) = postSolution
		SolutionGuid = {5BDCD7B6-6F3B-4237-8F3D-719BDE71C7F1}
	EndGlobalSection
EndGlobal
