
Microsoft Visual Studio Solution File, Format Version 12.00
# Visual Studio Version 16
VisualStudioVersion = 16.0.29102.190
MinimumVisualStudioVersion = 10.0.40219.1
Project("{FAE04EC0-301F-11D3-BF4B-00C04F79EFBC}") = "WpfCalculadora", "WpfCalculadora.csproj", "{6B7796C7-2A07-4B72-BB03-E26351171EFF}"
EndProject
Global
	GlobalSection(SolutionConfigurationPlatforms) = preSolution
		Debug|Any CPU = Debug|Any CPU
		Release|Any CPU = Release|Any CPU
	EndGlobalSection
	GlobalSection(ProjectConfigurationPlatforms) = postSolution
		{6B7796C7-2A07-4B72-BB03-E26351171EFF}.Debug|Any CPU.ActiveCfg = Debug|Any CPU
		{6B7796C7-2A07-4B72-BB03-E26351171EFF}.Debug|Any CPU.Build.0 = Debug|Any CPU
		{6B7796C7-2A07-4B72-BB03-E26351171EFF}.Release|Any CPU.ActiveCfg = Release|Any CPU
		{6B7796C7-2A07-4B72-BB03-E26351171EFF}.Release|Any CPU.Build.0 = Release|Any CPU
	EndGlobalSection
	GlobalSection(SolutionProperties) = preSolution
		HideSolutionNode = FALSE
	EndGlobalSection
	GlobalSection(ExtensibilityGlobals) = postSolution
		SolutionGuid = {97A7E537-588C-4EBA-953F-8B007CEA601E}
	EndGlobalSection
EndGlobal
